lockfileVersion: 5.3

specifiers:
  react-hook-form: ^7.32.2

dependencies:
  react-hook-form: 7.32.2

packages:

  /react-hook-form/7.32.2:
    resolution: {integrity: sha512-F1A6n762xaRhvtQH5SkQQhMr19cCkHZYesTcKJJeNmrphiZp/cYFTIzC05FnQry0SspM54oPJ9tXFXlzya8VNQ==}
    engines: {node: '>=12.22.0'}
    peerDependencies:
      react: ^16.8.0 || ^17 || ^18
    dev: false
