lockfileVersion: 5.3

specifiers:
  pm2: ^5.1.1

dependencies:
  pm2: 5.2.0

packages:

  /@opencensus/core/0.0.8:
    resolution: {integrity: sha512-yUFT59SFhGMYQgX0PhoTR0LBff2BEhPrD9io1jWfF/VDbakRfs6Pq60rjv0Z7iaTav5gQlttJCX2+VPxFWCuoQ==}
    engines: {node: '>=6.0'}
    dependencies:
      continuation-local-storage: 3.2.1
      log-driver: 1.2.7
      semver: 5.7.1
      shimmer: 1.2.1
      uuid: 3.4.0
    dev: false

  /@opencensus/core/0.0.9:
    resolution: {integrity: sha512-31Q4VWtbzXpVUd2m9JS6HEaPjlKvNMOiF7lWKNmXF84yUcgfAFL5re7/hjDmdyQbOp32oGc+RFV78jXIldVz6Q==}
    engines: {node: '>=6.0'}
    dependencies:
      continuation-local-storage: 3.2.1
      log-driver: 1.2.7
      semver: 5.7.1
      shimmer: 1.2.1
      uuid: 3.4.0
    dev: false

  /@opencensus/propagation-b3/0.0.8:
    resolution: {integrity: sha512-PffXX2AL8Sh0VHQ52jJC4u3T0H6wDK6N/4bg7xh4ngMYOIi13aR1kzVvX1sVDBgfGwDOkMbl4c54Xm3tlPx/+A==}
    engines: {node: '>=6.0'}
    dependencies:
      '@opencensus/core': 0.0.8
      uuid: 3.4.0
    dev: false

  /@pm2/agent/2.0.1:
    resolution: {integrity: sha512-QKHMm6yexcvdDfcNE7PL9D6uEjoQPGRi+8dh+rc4Hwtbpsbh5IAvZbz3BVGjcd4HaX6pt2xGpOohG7/Y2L4QLw==}
    dependencies:
      async: 3.2.3
      chalk: 3.0.0
      dayjs: 1.8.36
      debug: 4.3.4
      eventemitter2: 5.0.1
      fast-json-patch: 3.1.1
      fclone: 1.0.11
      nssocket: 0.6.0
      pm2-axon: 4.0.1
      pm2-axon-rpc: 0.7.1
      proxy-agent: 5.0.0
      semver: 7.2.3
      ws: 7.4.6
    transitivePeerDependencies:
      - bufferutil
      - supports-color
      - utf-8-validate
    dev: false

  /@pm2/io/5.0.0:
    resolution: {integrity: sha512-3rToDVJaRoob5Lq8+7Q2TZFruoEkdORxwzFpZaqF4bmH6Bkd7kAbdPrI/z8X6k1Meq5rTtScM7MmDgppH6aLlw==}
    engines: {node: '>=6.0'}
    dependencies:
      '@opencensus/core': 0.0.9
      '@opencensus/propagation-b3': 0.0.8
      async: 2.6.3
      debug: 4.3.4
      eventemitter2: 6.4.5
      require-in-the-middle: 5.1.0
      semver: 6.3.0
      shimmer: 1.2.1
      signal-exit: 3.0.7
      tslib: 1.9.3
    transitivePeerDependencies:
      - supports-color
    dev: false

  /@pm2/js-api/0.6.7:
    resolution: {integrity: sha512-jiJUhbdsK+5C4zhPZNnyA3wRI01dEc6a2GhcQ9qI38DyIk+S+C8iC3fGjcjUbt/viLYKPjlAaE+hcT2/JMQPXw==}
    engines: {node: '>=4.0'}
    dependencies:
      async: 2.6.3
      axios: 0.21.4_debug@4.3.4
      debug: 4.3.4
      eventemitter2: 6.4.5
      ws: 7.5.7
    transitivePeerDependencies:
      - bufferutil
      - supports-color
      - utf-8-validate
    dev: false

  /@pm2/pm2-version-check/1.0.4:
    resolution: {integrity: sha512-SXsM27SGH3yTWKc2fKR4SYNxsmnvuBQ9dd6QHtEWmiZ/VqaOYPAIlS8+vMcn27YLtAEBGvNRSh3TPNvtjZgfqA==}
    dependencies:
      debug: 4.3.4
    transitivePeerDependencies:
      - supports-color
    dev: false

  /@tootallnate/once/1.1.2:
    resolution: {integrity: sha512-RbzJvlNzmRq5c3O09UipeuXno4tA1FE6ikOjxZK0tuxVv3412l64l5t1W5pj4+rJq9vpkm/kwiR07aZXnsKPxw==}
    engines: {node: '>= 6'}
    dev: false

  /acorn-walk/8.2.0:
    resolution: {integrity: sha512-k+iyHEuPgSw6SbuDpGQM+06HQUa04DZ3o+F6CSzXMvvI5KMvnaEqXe+YVe555R9nn6GPt404fos4wcgpw12SDA==}
    engines: {node: '>=0.4.0'}
    dev: false

  /acorn/8.7.0:
    resolution: {integrity: sha512-V/LGr1APy+PXIwKebEWrkZPwoeoF+w1jiOBUmuxuiUIaOHtob8Qc9BTrYo7VuI5fR8tqsy+buA2WFooR5olqvQ==}
    engines: {node: '>=0.4.0'}
    hasBin: true
    dev: false

  /agent-base/6.0.2:
    resolution: {integrity: sha512-RZNwNclF7+MS/8bDg70amg32dyeZGZxiDuQmZxKLAlQjr3jGyLx+4Kkk58UO7D2QdgFIQCovuSuZESne6RG6XQ==}
    engines: {node: '>= 6.0.0'}
    dependencies:
      debug: 4.3.4
    transitivePeerDependencies:
      - supports-color
    dev: false

  /amp-message/0.1.2:
    resolution: {integrity: sha1-p48cmJlQh602GSpBKY5NtJ49/EU=}
    dependencies:
      amp: 0.3.1
    dev: false

  /amp/0.3.1:
    resolution: {integrity: sha1-at+NWKdPNh6CwfqNOJwHnhOfxH0=}
    dev: false

  /ansi-colors/4.1.1:
    resolution: {integrity: sha512-JoX0apGbHaUJBNl6yF+p6JAFYZ666/hhCGKN5t9QFjbJQKUU/g8MNbFDbvfrgKXvI1QpZplPOnwIo99lX/AAmA==}
    engines: {node: '>=6'}
    dev: false

  /ansi-styles/4.3.0:
    resolution: {integrity: sha512-zbB9rCJAT1rbjiVDb2hqKFHNYLxgtk8NURxZ3IZwD3F6NtxbXZQCnnSi1Lkx+IDohdPlFp222wVALIheZJQSEg==}
    engines: {node: '>=8'}
    dependencies:
      color-convert: 2.0.1
    dev: false

  /anymatch/3.1.2:
    resolution: {integrity: sha512-P43ePfOAIupkguHUycrc4qJ9kz8ZiuOUijaETwX7THt0Y/GNK7v0aa8rY816xWjZ7rJdA5XdMcpVFTKMq+RvWg==}
    engines: {node: '>= 8'}
    dependencies:
      normalize-path: 3.0.0
      picomatch: 2.3.1
    dev: false

  /argparse/1.0.10:
    resolution: {integrity: sha512-o5Roy6tNG4SL/FOkCAN6RzjiakZS25RLYFrcMttJqbdd8BWrnA+fGz57iN5Pb06pvBGvl5gQ0B48dJlslXvoTg==}
    dependencies:
      sprintf-js: 1.0.3
    dev: false

  /ast-types/0.13.4:
    resolution: {integrity: sha512-x1FCFnFifvYDDzTaLII71vG5uvDwgtmDTEVWAxrgeiR8VjMONcCXJx7E+USjDtHlwFmt9MysbqgF9b9Vjr6w+w==}
    engines: {node: '>=4'}
    dependencies:
      tslib: 2.3.1
    dev: false

  /async-listener/0.6.10:
    resolution: {integrity: sha512-gpuo6xOyF4D5DE5WvyqZdPA3NGhiT6Qf07l7DCB0wwDEsLvDIbCr6j9S5aj5Ch96dLace5tXVzWBZkxU/c5ohw==}
    engines: {node: <=0.11.8 || >0.11.10}
    dependencies:
      semver: 5.7.1
      shimmer: 1.2.1
    dev: false

  /async/2.6.3:
    resolution: {integrity: sha512-zflvls11DCy+dQWzTW2dzuilv8Z5X/pjfmZOWba6TNIVDm+2UDaJmXSOXlasHKfNBs8oo3M0aT50fDEWfKZjXg==}
    dependencies:
      lodash: 4.17.21
    dev: false

  /async/3.2.3:
    resolution: {integrity: sha512-spZRyzKL5l5BZQrr/6m/SqFdBN0q3OCI0f9rjfBzCMBIP4p75P620rR3gTmaksNOhmzgdxcaxdNfMy6anrbM0g==}
    dev: false

  /axios/0.21.4_debug@4.3.4:
    resolution: {integrity: sha512-ut5vewkiu8jjGBdqpM44XxjuCjq9LAKeHVmoVfHVzy8eHgxxq8SbAVQNovDA8mVi05kP0Ea/n/UzcSHcTJQfNg==}
    dependencies:
      follow-redirects: 1.14.9_debug@4.3.4
    transitivePeerDependencies:
      - debug
    dev: false

  /balanced-match/1.0.2:
    resolution: {integrity: sha512-3oSeUO0TMV67hN1AmbXsK4yaqU7tjiHlbxRDZOpH0KW9+CeX4bRAaX0Anxt0tx2MrpRpWwQaPwIlISEJhYU5Pw==}
    dev: false

  /binary-extensions/2.2.0:
    resolution: {integrity: sha512-jDctJ/IVQbZoJykoeHbhXpOlNBqGNcwXJKJog42E5HDPUwQTSdjCHdihjj0DlnheQ7blbT6dHOafNAiS8ooQKA==}
    engines: {node: '>=8'}
    dev: false

  /blessed/0.1.81:
    resolution: {integrity: sha1-+WLWh+wsNpVwrnGvhDJW5tDKESk=}
    engines: {node: '>= 0.8.0'}
    hasBin: true
    dev: false

  /bodec/0.1.0:
    resolution: {integrity: sha1-vIUVVUMPI8n3ZQp172TGqUw0GMw=}
    dev: false

  /brace-expansion/1.1.11:
    resolution: {integrity: sha512-iCuPHDFgrHX7H2vEI/5xpz07zSHB00TpugqhmYtVmMO6518mCuRMoOYFldEBl0g187ufozdaHgWKcYFb61qGiA==}
    dependencies:
      balanced-match: 1.0.2
      concat-map: 0.0.1
    dev: false

  /braces/3.0.2:
    resolution: {integrity: sha512-b8um+L1RzM3WDSzvhm6gIz1yfTbBt6YTlcEKAvsmqCZZFw46z626lVj9j1yEPW33H5H+lBQpZMP1k8l+78Ha0A==}
    engines: {node: '>=8'}
    dependencies:
      fill-range: 7.0.1
    dev: false

  /buffer-from/1.1.2:
    resolution: {integrity: sha512-E+XQCRwSbaaiChtv6k6Dwgc+bx+Bs6vuKJHHl5kox/BaKbhiXzqQOwK4cO22yElGp2OCmjwVhT3HmxgyPGnJfQ==}
    dev: false

  /bytes/3.1.2:
    resolution: {integrity: sha512-/Nf7TyzTx6S3yRJObOAV7956r8cr2+Oj8AC5dt8wSP3BQAoeX58NoHyCU8P8zGkNXStjTSi6fzO6F0pBdcYbEg==}
    engines: {node: '>= 0.8'}
    dev: false

  /chalk/3.0.0:
    resolution: {integrity: sha512-4D3B6Wf41KOYRFdszmDqMCGq5VV/uMAB273JILmO+3jAlh8X4qDtdtgCR3fxtbLEMzSx22QdhnDcJvu2u1fVwg==}
    engines: {node: '>=8'}
    dependencies:
      ansi-styles: 4.3.0
      supports-color: 7.2.0
    dev: false

  /charm/0.1.2:
    resolution: {integrity: sha1-BsIe7RobBq62dVPNxT4jJ0usIpY=}
    dev: false

  /chokidar/3.5.3:
    resolution: {integrity: sha512-Dr3sfKRP6oTcjf2JmUmFJfeVMvXBdegxB0iVQ5eb2V10uFJUCAS8OByZdVAyVb8xXNz3GjjTgj9kLWsZTqE6kw==}
    engines: {node: '>= 8.10.0'}
    dependencies:
      anymatch: 3.1.2
      braces: 3.0.2
      glob-parent: 5.1.2
      is-binary-path: 2.1.0
      is-glob: 4.0.3
      normalize-path: 3.0.0
      readdirp: 3.6.0
    optionalDependencies:
      fsevents: 2.3.2
    dev: false

  /cli-tableau/2.0.1:
    resolution: {integrity: sha512-he+WTicka9cl0Fg/y+YyxcN6/bfQ/1O3QmgxRXDhABKqLzvoOSM4fMzp39uMyLBulAFuywD2N7UaoQE7WaADxQ==}
    engines: {node: '>=8.10.0'}
    dependencies:
      chalk: 3.0.0
    dev: false

  /color-convert/2.0.1:
    resolution: {integrity: sha512-RRECPsj7iu/xb5oKYcsFHSppFNnsj/52OVTRKb4zP5onXwVF3zVmmToNcOfGC+CRDpfK/U584fMg38ZHCaElKQ==}
    engines: {node: '>=7.0.0'}
    dependencies:
      color-name: 1.1.4
    dev: false

  /color-name/1.1.4:
    resolution: {integrity: sha512-dOy+3AuW3a2wNbZHIuMZpTcgjGuLU/uBL/ubcZF9OXbDo8ff4O8yVp5Bf0efS8uEoYo5q4Fx7dY9OgQGXgAsQA==}
    dev: false

  /commander/2.15.1:
    resolution: {integrity: sha512-VlfT9F3V0v+jr4yxPc5gg9s62/fIVWsd2Bk2iD435um1NlGMYdVCq+MjcXnhYq2icNOizHr1kK+5TI6H0Hy0ag==}
    dev: false

  /concat-map/0.0.1:
    resolution: {integrity: sha1-2Klr13/Wjfd5OnMDajug1UBdR3s=}
    dev: false

  /continuation-local-storage/3.2.1:
    resolution: {integrity: sha512-jx44cconVqkCEEyLSKWwkvUXwO561jXMa3LPjTPsm5QR22PA0/mhe33FT4Xb5y74JDvt/Cq+5lm8S8rskLv9ZA==}
    dependencies:
      async-listener: 0.6.10
      emitter-listener: 1.1.2
    dev: false

  /core-util-is/1.0.3:
    resolution: {integrity: sha512-ZQBvi1DcpJ4GDqanjucZ2Hj3wEO5pZDS89BWbkcrvdxksJorwUDDZamX9ldFkp9aw2lmBDLgkObEA4DWNJ9FYQ==}
    dev: false

  /croner/4.1.97:
    resolution: {integrity: sha512-/f6gpQuxDaqXu+1kwQYSckUglPaOrHdbIlBAu0YuW8/Cdb45XwXYNUBXg3r/9Mo6n540Kn/smKcZWko5x99KrQ==}
    dev: false

  /culvert/0.1.2:
    resolution: {integrity: sha1-lQL18BVKLVoioCPnn3HMk2+m728=}
    dev: false

  /data-uri-to-buffer/3.0.1:
    resolution: {integrity: sha512-WboRycPNsVw3B3TL559F7kuBUM4d8CgMEvk6xEJlOp7OBPjt6G7z8WMWlD2rOFZLk6OYfFIUGsCOWzcQH9K2og==}
    engines: {node: '>= 6'}
    dev: false

  /dayjs/1.8.36:
    resolution: {integrity: sha512-3VmRXEtw7RZKAf+4Tv1Ym9AGeo8r8+CjDi26x+7SYQil1UqtqdaokhzoEJohqlzt0m5kacJSDhJQkG/LWhpRBw==}
    dev: false

  /debug/3.2.7:
    resolution: {integrity: sha512-CFjzYYAi4ThfiQvizrFQevTTXHtnCqWfe7x1AhgEscTz6ZbLbfoLRLPugTQyBth6f8ZERVUSyWHFD/7Wu4t1XQ==}
    dependencies:
      ms: 2.1.3
    dev: false

  /debug/4.3.4:
    resolution: {integrity: sha512-PRWFHuSU3eDtQJPvnNY7Jcket1j0t5OuOsFzPPzsekD52Zl8qUfFIPEiswXqIvHWGVHOgX+7G/vCNNhehwxfkQ==}
    engines: {node: '>=6.0'}
    peerDependencies:
      supports-color: '*'
    peerDependenciesMeta:
      supports-color:
        optional: true
    dependencies:
      ms: 2.1.2
    dev: false

  /deep-is/0.1.4:
    resolution: {integrity: sha512-oIPzksmTg4/MriiaYGO+okXDT7ztn/w3Eptv/+gSIdMdKsJo0u4CfYNFJPy+4SKMuCqGw2wxnA+URMg3t8a/bQ==}
    dev: false

  /degenerator/3.0.2:
    resolution: {integrity: sha512-c0mef3SNQo56t6urUU6tdQAs+ThoD0o9B9MJ8HEt7NQcGEILCRFqQb7ZbP9JAv+QF1Ky5plydhMR/IrqWDm+TQ==}
    engines: {node: '>= 6'}
    dependencies:
      ast-types: 0.13.4
      escodegen: 1.14.3
      esprima: 4.0.1
      vm2: 3.9.9
    dev: false

  /depd/2.0.0:
    resolution: {integrity: sha512-g7nH6P6dyDioJogAAGprGpCtVImJhpPk/roCzdb3fIh61/s/nPsfR6onyMwkCAR/OlC3yBC0lESvUoQEAssIrw==}
    engines: {node: '>= 0.8'}
    dev: false

  /emitter-listener/1.1.2:
    resolution: {integrity: sha512-Bt1sBAGFHY9DKY+4/2cV6izcKJUf5T7/gkdmkxzX/qv9CcGH8xSwVRW5mtX03SWJtRTWSOpzCuWN9rBFYZepZQ==}
    dependencies:
      shimmer: 1.2.1
    dev: false

  /enquirer/2.3.6:
    resolution: {integrity: sha512-yjNnPr315/FjS4zIsUxYguYUPP2e1NK4d7E7ZOLiyYCcbFBiTMyID+2wvm2w6+pZ/odMA7cRkjhsPbltwBOrLg==}
    engines: {node: '>=8.6'}
    dependencies:
      ansi-colors: 4.1.1
    dev: false

  /escape-string-regexp/4.0.0:
    resolution: {integrity: sha512-TtpcNJ3XAzx3Gq8sWRzJaVajRs0uVxA2YAkdb1jm2YkPz4G6egUFAyA3n5vtEIZefPk5Wa4UXbKuS5fKkJWdgA==}
    engines: {node: '>=10'}
    dev: false

  /escodegen/1.14.3:
    resolution: {integrity: sha512-qFcX0XJkdg+PB3xjZZG/wKSuT1PnQWx57+TVSjIMmILd2yC/6ByYElPwJnslDsuWuSAp4AwJGumarAAmJch5Kw==}
    engines: {node: '>=4.0'}
    hasBin: true
    dependencies:
      esprima: 4.0.1
      estraverse: 4.3.0
      esutils: 2.0.3
      optionator: 0.8.3
    optionalDependencies:
      source-map: 0.6.1
    dev: false

  /esprima/4.0.1:
    resolution: {integrity: sha512-eGuFFw7Upda+g4p+QHvnW0RyTX/SVeJBDM/gCtMARO0cLuT2HcEKnTPvhjV6aGeqrCB/sbNop0Kszm0jsaWU4A==}
    engines: {node: '>=4'}
    hasBin: true
    dev: false

  /estraverse/4.3.0:
    resolution: {integrity: sha512-39nnKffWz8xN1BU/2c79n9nB9HDzo0niYUqx6xyqUnyoAnQyyWpOTdZEeiCch8BBu515t4wp9ZmgVfVhn9EBpw==}
    engines: {node: '>=4.0'}
    dev: false

  /esutils/2.0.3:
    resolution: {integrity: sha512-kVscqXk4OCp68SZ0dkgEKVi6/8ij300KBWTJq32P/dYeWTSwK41WyTxalN1eRmA5Z9UU/LX9D7FWSmV9SAYx6g==}
    engines: {node: '>=0.10.0'}
    dev: false

  /eventemitter2/0.4.14:
    resolution: {integrity: sha1-j2G3XN4BKy6esoTUVFWDtWQ7Yas=}
    dev: false

  /eventemitter2/5.0.1:
    resolution: {integrity: sha1-YZegldX7a1folC9v1+qtY6CclFI=}
    dev: false

  /eventemitter2/6.4.5:
    resolution: {integrity: sha512-bXE7Dyc1i6oQElDG0jMRZJrRAn9QR2xyyFGmBdZleNmyQX0FqGYmhZIrIrpPfm/w//LTo4tVQGOGQcGCb5q9uw==}
    dev: false

  /fast-json-patch/3.1.1:
    resolution: {integrity: sha512-vf6IHUX2SBcA+5/+4883dsIjpBTqmfBjmYiWK1savxQmFk4JfBMLa7ynTYOs1Rolp/T1betJxHiGD3g1Mn8lUQ==}
    dev: false

  /fast-levenshtein/2.0.6:
    resolution: {integrity: sha1-PYpcZog6FqMMqGQ+hR8Zuqd5eRc=}
    dev: false

  /fclone/1.0.11:
    resolution: {integrity: sha1-EOhdo4v+p/xZk0HClu4ddyZu5kA=}
    dev: false

  /file-uri-to-path/2.0.0:
    resolution: {integrity: sha512-hjPFI8oE/2iQPVe4gbrJ73Pp+Xfub2+WI2LlXDbsaJBwT5wuMh35WNWVYYTpnz895shtwfyutMFLFywpQAFdLg==}
    engines: {node: '>= 6'}
    dev: false

  /fill-range/7.0.1:
    resolution: {integrity: sha512-qOo9F+dMUmC2Lcb4BbVvnKJxTPjCm+RRpe4gDuGrzkL7mEVl/djYSu2OdQ2Pa302N4oqkSg9ir6jaLWJ2USVpQ==}
    engines: {node: '>=8'}
    dependencies:
      to-regex-range: 5.0.1
    dev: false

  /follow-redirects/1.14.9_debug@4.3.4:
    resolution: {integrity: sha512-MQDfihBQYMcyy5dhRDJUHcw7lb2Pv/TuE6xP1vyraLukNDHKbDxDNaOE3NbCAdKQApno+GPRyo1YAp89yCjK4w==}
    engines: {node: '>=4.0'}
    peerDependencies:
      debug: '*'
    peerDependenciesMeta:
      debug:
        optional: true
    dependencies:
      debug: 4.3.4
    dev: false

  /fs-extra/8.1.0:
    resolution: {integrity: sha512-yhlQgA6mnOJUKOsRUFsgJdQCvkKhcz8tlZG5HBQfReYZy46OwLcY+Zia0mtdHsOo9y/hP+CxMN0TU9QxoOtG4g==}
    engines: {node: '>=6 <7 || >=8'}
    dependencies:
      graceful-fs: 4.2.9
      jsonfile: 4.0.0
      universalify: 0.1.2
    dev: false

  /fs.realpath/1.0.0:
    resolution: {integrity: sha1-FQStJSMVjKpA20onh8sBQRmU6k8=}
    dev: false

  /fsevents/2.3.2:
    resolution: {integrity: sha512-xiqMQR4xAeHTuB9uWm+fFRcIOgKBMiOBP+eXiyT7jsgVCq1bkVygt00oASowB7EdtpOHaaPgKt812P9ab+DDKA==}
    engines: {node: ^8.16.0 || ^10.6.0 || >=11.0.0}
    os: [darwin]
    requiresBuild: true
    dev: false
    optional: true

  /ftp/0.3.10:
    resolution: {integrity: sha1-kZfYYa2BQvPmPVqDv+TFn3MwiF0=}
    engines: {node: '>=0.8.0'}
    dependencies:
      readable-stream: 1.1.14
      xregexp: 2.0.0
    dev: false

  /function-bind/1.1.1:
    resolution: {integrity: sha512-yIovAzMX49sF8Yl58fSCWJ5svSLuaibPxXQJFLmBObTuCr0Mf1KiPopGM9NiFjiYBCbfaa2Fh6breQ6ANVTI0A==}
    dev: false

  /get-uri/3.0.2:
    resolution: {integrity: sha512-+5s0SJbGoyiJTZZ2JTpFPLMPSch72KEqGOTvQsBqg0RBWvwhWUSYZFAtz3TPW0GXJuLBJPts1E241iHg+VRfhg==}
    engines: {node: '>= 6'}
    dependencies:
      '@tootallnate/once': 1.1.2
      data-uri-to-buffer: 3.0.1
      debug: 4.3.4
      file-uri-to-path: 2.0.0
      fs-extra: 8.1.0
      ftp: 0.3.10
    transitivePeerDependencies:
      - supports-color
    dev: false

  /git-node-fs/1.0.0:
    resolution: {integrity: sha1-SbIV4kLr5Dqkx1Ybu6SZUhdSCA8=}
    dev: false

  /git-sha1/0.1.2:
    resolution: {integrity: sha1-WZrBkrcYdYJeE6RF86bgURjC90U=}
    dev: false

  /glob-parent/5.1.2:
    resolution: {integrity: sha512-AOIgSQCepiJYwP3ARnGx+5VnTu2HBYdzbGP45eLw1vr3zB3vZLeyed1sC9hnbcOc9/SrMyM5RPQrkGz4aS9Zow==}
    engines: {node: '>= 6'}
    dependencies:
      is-glob: 4.0.3
    dev: false

  /glob/7.2.0:
    resolution: {integrity: sha512-lmLf6gtyrPq8tTjSmrO94wBeQbFR3HbLHbuyD69wuyQkImp2hWqMGB47OX65FBkPffO641IP9jWa1z4ivqG26Q==}
    dependencies:
      fs.realpath: 1.0.0
      inflight: 1.0.6
      inherits: 2.0.4
      minimatch: 3.1.2
      once: 1.4.0
      path-is-absolute: 1.0.1
    dev: false

  /graceful-fs/4.2.9:
    resolution: {integrity: sha512-NtNxqUcXgpW2iMrfqSfR73Glt39K+BLwWsPs94yR63v45T0Wbej7eRmL5cWfwEgqXnmjQp3zaJTshdRW/qC2ZQ==}
    dev: false

  /has-flag/4.0.0:
    resolution: {integrity: sha512-EykJT/Q1KjTWctppgIAgfSO0tKVuZUjhgMr17kqTumMl6Afv3EISleU7qZUzoXDFTAHTDC4NOoG/ZxU3EvlMPQ==}
    engines: {node: '>=8'}
    dev: false

  /has/1.0.3:
    resolution: {integrity: sha512-f2dvO0VU6Oej7RkWJGrehjbzMAjFp5/VKPp5tTpWIV4JHHZK1/BxbFRtf/siA2SWTe09caDmVtYYzWEIbBS4zw==}
    engines: {node: '>= 0.4.0'}
    dependencies:
      function-bind: 1.1.1
    dev: false

  /http-errors/2.0.0:
    resolution: {integrity: sha512-FtwrG/euBzaEjYeRqOgly7G0qviiXoJWnvEH2Z1plBdXgbyjv34pHTSb9zoeHMyDy33+DWy5Wt9Wo+TURtOYSQ==}
    engines: {node: '>= 0.8'}
    dependencies:
      depd: 2.0.0
      inherits: 2.0.4
      setprototypeof: 1.2.0
      statuses: 2.0.1
      toidentifier: 1.0.1
    dev: false

  /http-proxy-agent/4.0.1:
    resolution: {integrity: sha512-k0zdNgqWTGA6aeIRVpvfVob4fL52dTfaehylg0Y4UvSySvOq/Y+BOyPrgpUrA7HylqvU8vIZGsRuXmspskV0Tg==}
    engines: {node: '>= 6'}
    dependencies:
      '@tootallnate/once': 1.1.2
      agent-base: 6.0.2
      debug: 4.3.4
    transitivePeerDependencies:
      - supports-color
    dev: false

  /https-proxy-agent/5.0.0:
    resolution: {integrity: sha512-EkYm5BcKUGiduxzSt3Eppko+PiNWNEpa4ySk9vTC6wDsQJW9rHSa+UhGNJoRYp7bz6Ht1eaRIa6QaJqO5rCFbA==}
    engines: {node: '>= 6'}
    dependencies:
      agent-base: 6.0.2
      debug: 4.3.4
    transitivePeerDependencies:
      - supports-color
    dev: false

  /iconv-lite/0.4.24:
    resolution: {integrity: sha512-v3MXnZAcvnywkTUEZomIActle7RXXeedOR31wwl7VlyoXO4Qi9arvSenNQWne1TcRwhCL1HwLI21bEqdpj8/rA==}
    engines: {node: '>=0.10.0'}
    dependencies:
      safer-buffer: 2.1.2
    dev: false

  /inflight/1.0.6:
    resolution: {integrity: sha1-Sb1jMdfQLQwJvJEKEHW6gWW1bfk=}
    dependencies:
      once: 1.4.0
      wrappy: 1.0.2
    dev: false

  /inherits/2.0.4:
    resolution: {integrity: sha512-k/vGaX4/Yla3WzyMCvTQOXYeIHvqOKtnqBduzTHpzpQZzAskKMhZ2K+EnBiSM9zGSoIFeMpXKxa4dYeZIQqewQ==}
    dev: false

  /ini/1.3.8:
    resolution: {integrity: sha512-JV/yugV2uzW5iMRSiZAyDtQd+nxtUnjeLt0acNdw98kKLrvuRVyB80tsREOE7yvGVgalhZ6RNXCmEHkUKBKxew==}
    dev: false

  /ip/1.1.5:
    resolution: {integrity: sha1-vd7XARQpCCjAoDnnLvJfWq7ENUo=}
    dev: false

  /is-binary-path/2.1.0:
    resolution: {integrity: sha512-ZMERYes6pDydyuGidse7OsHxtbI7WVeUEozgR/g7rd0xUimYNlvZRE/K2MgZTjWy725IfelLeVcEM97mmtRGXw==}
    engines: {node: '>=8'}
    dependencies:
      binary-extensions: 2.2.0
    dev: false

  /is-core-module/2.8.1:
    resolution: {integrity: sha512-SdNCUs284hr40hFTFP6l0IfZ/RSrMXF3qgoRHd3/79unUTvrFO/JoXwkGm+5J/Oe3E/b5GsnG330uUNgRpu1PA==}
    dependencies:
      has: 1.0.3
    dev: false

  /is-extglob/2.1.1:
    resolution: {integrity: sha1-qIwCU1eR8C7TfHahueqXc8gz+MI=}
    engines: {node: '>=0.10.0'}
    dev: false

  /is-glob/4.0.3:
    resolution: {integrity: sha512-xelSayHH36ZgE7ZWhli7pW34hNbNl8Ojv5KVmkJD4hBdD3th8Tfk9vYasLM+mXWOZhFkgZfxhLSnrwRr4elSSg==}
    engines: {node: '>=0.10.0'}
    dependencies:
      is-extglob: 2.1.1
    dev: false

  /is-number/7.0.0:
    resolution: {integrity: sha512-41Cifkg6e8TylSpdtTpeLVMqvSBEVzTttHvERD741+pnZ8ANv0004MRL43QKPDlK9cGvNp6NZWZUBlbGXYxxng==}
    engines: {node: '>=0.12.0'}
    dev: false

  /isarray/0.0.1:
    resolution: {integrity: sha1-ihis/Kmo9Bd+Cav8YDiTmwXR7t8=}
    dev: false

  /js-git/0.7.8:
    resolution: {integrity: sha1-UvplWrYYd9bxB578ZTS1VPMeVEQ=}
    dependencies:
      bodec: 0.1.0
      culvert: 0.1.2
      git-sha1: 0.1.2
      pako: 0.2.9
    dev: false

  /json-stringify-safe/5.0.1:
    resolution: {integrity: sha1-Epai1Y/UXxmg9s4B1lcB4sc1tus=}
    dev: false
    optional: true

  /jsonfile/4.0.0:
    resolution: {integrity: sha1-h3Gq4HmbZAdrdmQPygWPnBDjPss=}
    optionalDependencies:
      graceful-fs: 4.2.9
    dev: false

  /lazy/1.0.11:
    resolution: {integrity: sha1-2qBoIGKCVCwIgojpdcKXwa53tpA=}
    engines: {node: '>=0.2.0'}
    dev: false

  /levn/0.3.0:
    resolution: {integrity: sha1-OwmSTt+fCDwEkP3UwLxEIeBHZO4=}
    engines: {node: '>= 0.8.0'}
    dependencies:
      prelude-ls: 1.1.2
      type-check: 0.3.2
    dev: false

  /lodash/4.17.21:
    resolution: {integrity: sha512-v2kDEe57lecTulaDIuNTPy3Ry4gLGJ6Z1O3vE1krgXZNrsQ+LFTGHVxVjcXPs17LhbZVGedAJv8XZ1tvj5FvSg==}
    dev: false

  /log-driver/1.2.7:
    resolution: {integrity: sha512-U7KCmLdqsGHBLeWqYlFA0V0Sl6P08EE1ZrmA9cxjUE0WVqT9qnyVDPz1kzpFEP0jdJuFnasWIfSd7fsaNXkpbg==}
    engines: {node: '>=0.8.6'}
    dev: false

  /lru-cache/5.1.1:
    resolution: {integrity: sha512-KpNARQA3Iwv+jTA0utUVVbrh+Jlrr1Fv0e56GGzAFOXN7dk/FviaDW8LHmK52DlcH4WP2n6gI8vN1aesBFgo9w==}
    dependencies:
      yallist: 3.1.1
    dev: false

  /lru-cache/6.0.0:
    resolution: {integrity: sha512-Jo6dJ04CmSjuznwJSS3pUeWmd/H0ffTlkXXgwZi+eq1UCmqQwCh+eLsYOYCwY991i2Fah4h1BEMCx4qThGbsiA==}
    engines: {node: '>=10'}
    dependencies:
      yallist: 4.0.0
    dev: false

  /minimatch/3.1.2:
    resolution: {integrity: sha512-J7p63hRiAjw1NDEww1W7i37+ByIrOWO5XQQAzZ3VOcL0PNybwpfmV/N05zFAzwQ9USyEcX6t3UO+K5aqBQOIHw==}
    dependencies:
      brace-expansion: 1.1.11
    dev: false

  /mkdirp/1.0.4:
    resolution: {integrity: sha512-vVqVZQyf3WLx2Shd0qJ9xuvqgAyKPLAiqITEtqW0oIUjzo3PePDd6fW9iFz30ef7Ysp/oiWqbhszeGWW2T6Gzw==}
    engines: {node: '>=10'}
    hasBin: true
    dev: false

  /module-details-from-path/1.0.3:
    resolution: {integrity: sha1-EUyUlnPiqKNenTV4hSeqN7Z52is=}
    dev: false

  /ms/2.1.2:
    resolution: {integrity: sha512-sGkPx+VjMtmA6MX27oA4FBFELFCZZ4S4XqeGOXCv68tT+jb3vk/RyaKWP0PTKyWtmLSM0b+adUTEvbs1PEaH2w==}
    dev: false

  /ms/2.1.3:
    resolution: {integrity: sha512-6FlzubTLZG3J2a/NVCAleEhjzq5oxgHyaCU9yYXvcLsvoVaHJq/s5xXI6/XXP6tz7R9xAOtHnSO/tXtF3WRTlA==}
    dev: false

  /mute-stream/0.0.8:
    resolution: {integrity: sha512-nnbWWOkoWyUsTjKrhgD0dcz22mdkSnpYqbEjIm2nhwhuxlSkpywJmBo8h0ZqJdkp73mb90SssHkN4rsRaBAfAA==}
    dev: false

  /needle/2.4.0:
    resolution: {integrity: sha512-4Hnwzr3mi5L97hMYeNl8wRW/Onhy4nUKR/lVemJ8gJedxxUyBLm9kkrDColJvoSfwi0jCNhD+xCdOtiGDQiRZg==}
    engines: {node: '>= 4.4.x'}
    hasBin: true
    dependencies:
      debug: 3.2.7
      iconv-lite: 0.4.24
      sax: 1.2.4
    dev: false

  /netmask/2.0.2:
    resolution: {integrity: sha512-dBpDMdxv9Irdq66304OLfEmQ9tbNRFnFTuZiLo+bD+r332bBmMJ8GBLXklIXXgxd3+v9+KUnZaUR5PJMa75Gsg==}
    engines: {node: '>= 0.4.0'}
    dev: false

  /normalize-path/3.0.0:
    resolution: {integrity: sha512-6eZs5Ls3WtCisHWp9S2GUy8dqkpGi4BVSz3GaqiE6ezub0512ESztXUwUB6C6IKbQkY2Pnb/mD4WYojCRwcwLA==}
    engines: {node: '>=0.10.0'}
    dev: false

  /nssocket/0.6.0:
    resolution: {integrity: sha1-Wflvb/MhVm8zxw99vu7N/cBxVPo=}
    engines: {node: '>= 0.10.x'}
    dependencies:
      eventemitter2: 0.4.14
      lazy: 1.0.11
    dev: false

  /once/1.4.0:
    resolution: {integrity: sha1-WDsap3WWHUsROsF9nFC6753Xa9E=}
    dependencies:
      wrappy: 1.0.2
    dev: false

  /optionator/0.8.3:
    resolution: {integrity: sha512-+IW9pACdk3XWmmTXG8m3upGUJst5XRGzxMRjXzAuJ1XnIFNvfhjjIuYkDvysnPQ7qzqVzLt78BCruntqRhWQbA==}
    engines: {node: '>= 0.8.0'}
    dependencies:
      deep-is: 0.1.4
      fast-levenshtein: 2.0.6
      levn: 0.3.0
      prelude-ls: 1.1.2
      type-check: 0.3.2
      word-wrap: 1.2.3
    dev: false

  /pac-proxy-agent/5.0.0:
    resolution: {integrity: sha512-CcFG3ZtnxO8McDigozwE3AqAw15zDvGH+OjXO4kzf7IkEKkQ4gxQ+3sdF50WmhQ4P/bVusXcqNE2S3XrNURwzQ==}
    engines: {node: '>= 8'}
    dependencies:
      '@tootallnate/once': 1.1.2
      agent-base: 6.0.2
      debug: 4.3.4
      get-uri: 3.0.2
      http-proxy-agent: 4.0.1
      https-proxy-agent: 5.0.0
      pac-resolver: 5.0.0
      raw-body: 2.5.1
      socks-proxy-agent: 5.0.1
    transitivePeerDependencies:
      - supports-color
    dev: false

  /pac-resolver/5.0.0:
    resolution: {integrity: sha512-H+/A6KitiHNNW+bxBKREk2MCGSxljfqRX76NjummWEYIat7ldVXRU3dhRIE3iXZ0nvGBk6smv3nntxKkzRL8NA==}
    engines: {node: '>= 8'}
    dependencies:
      degenerator: 3.0.2
      ip: 1.1.5
      netmask: 2.0.2
    dev: false

  /pako/0.2.9:
    resolution: {integrity: sha1-8/dSL073gjSNqBYbrZ7P1Rv4OnU=}
    dev: false

  /path-is-absolute/1.0.1:
    resolution: {integrity: sha1-F0uSaHNVNP+8es5r9TpanhtcX18=}
    engines: {node: '>=0.10.0'}
    dev: false

  /path-parse/1.0.7:
    resolution: {integrity: sha512-LDJzPVEEEPR+y48z93A0Ed0yXb8pAByGWo/k5YYdYgpY2/2EsOsksJrq7lOHxryrVOn1ejG6oAp8ahvOIQD8sw==}
    dev: false

  /picomatch/2.3.1:
    resolution: {integrity: sha512-JU3teHTNjmE2VCGFzuY8EXzCDVwEqB2a8fsIvwaStHhAWJEeVd1o1QD80CU6+ZdEXXSLbSsuLwJjkCBWqRQUVA==}
    engines: {node: '>=8.6'}
    dev: false

  /pidusage/2.0.21:
    resolution: {integrity: sha512-cv3xAQos+pugVX+BfXpHsbyz/dLzX+lr44zNMsYiGxUw+kV5sgQCIcLd1z+0vq+KyC7dJ+/ts2PsfgWfSC3WXA==}
    engines: {node: '>=8'}
    dependencies:
      safe-buffer: 5.2.1
    dev: false
    optional: true

  /pidusage/3.0.0:
    resolution: {integrity: sha512-8VJLToXhj+RYZGNVw8oxc7dS54iCQXUJ+MDFHezQ/fwF5B8W4OWodAMboc1wb08S/4LiHwAmkT4ohf/d3YPPsw==}
    engines: {node: '>=10'}
    dependencies:
      safe-buffer: 5.2.1
    dev: false

  /pm2-axon-rpc/0.7.1:
    resolution: {integrity: sha512-FbLvW60w+vEyvMjP/xom2UPhUN/2bVpdtLfKJeYM3gwzYhoTEEChCOICfFzxkxuoEleOlnpjie+n1nue91bDQw==}
    engines: {node: '>=5'}
    dependencies:
      debug: 4.3.4
    transitivePeerDependencies:
      - supports-color
    dev: false

  /pm2-axon/4.0.1:
    resolution: {integrity: sha512-kES/PeSLS8orT8dR5jMlNl+Yu4Ty3nbvZRmaAtROuVm9nYYGiaoXqqKQqQYzWQzMYWUKHMQTvBlirjE5GIIxqg==}
    engines: {node: '>=5'}
    dependencies:
      amp: 0.3.1
      amp-message: 0.1.2
      debug: 4.3.4
      escape-string-regexp: 4.0.0
    transitivePeerDependencies:
      - supports-color
    dev: false

  /pm2-deploy/1.0.2:
    resolution: {integrity: sha512-YJx6RXKrVrWaphEYf++EdOOx9EH18vM8RSZN/P1Y+NokTKqYAca/ejXwVLyiEpNju4HPZEk3Y2uZouwMqUlcgg==}
    engines: {node: '>=4.0.0'}
    dependencies:
      run-series: 1.1.9
      tv4: 1.3.0
    dev: false

  /pm2-multimeter/0.1.2:
    resolution: {integrity: sha1-Gh5VFT1BoFU0zqI8/oYKuqDrSs4=}
    dependencies:
      charm: 0.1.2
    dev: false

  /pm2-sysmonit/1.2.8:
    resolution: {integrity: sha512-ACOhlONEXdCTVwKieBIQLSi2tQZ8eKinhcr9JpZSUAL8Qy0ajIgRtsLxG/lwPOW3JEKqPyw/UaHmTWhUzpP4kA==}
    requiresBuild: true
    dependencies:
      async: 3.2.3
      debug: 4.3.4
      pidusage: 2.0.21
      systeminformation: 5.11.9
      tx2: 1.0.5
    transitivePeerDependencies:
      - supports-color
    dev: false
    optional: true

  /pm2/5.2.0:
    resolution: {integrity: sha512-PO5hMVhQ85cTszFM++6v07Me9hPJMkFbHjkFigtMMk+La8ty2wCi2dlBTeZYJDhPUSjK8Ccltpq2buNRcyMOTw==}
    engines: {node: '>=10.0.0'}
    hasBin: true
    dependencies:
      '@pm2/agent': 2.0.1
      '@pm2/io': 5.0.0
      '@pm2/js-api': 0.6.7
      '@pm2/pm2-version-check': 1.0.4
      async: 3.2.3
      blessed: 0.1.81
      chalk: 3.0.0
      chokidar: 3.5.3
      cli-tableau: 2.0.1
      commander: 2.15.1
      croner: 4.1.97
      dayjs: 1.8.36
      debug: 4.3.4
      enquirer: 2.3.6
      eventemitter2: 5.0.1
      fclone: 1.0.11
      mkdirp: 1.0.4
      needle: 2.4.0
      pidusage: 3.0.0
      pm2-axon: 4.0.1
      pm2-axon-rpc: 0.7.1
      pm2-deploy: 1.0.2
      pm2-multimeter: 0.1.2
      promptly: 2.2.0
      semver: 7.3.5
      source-map-support: 0.5.19
      sprintf-js: 1.1.2
      vizion: 2.2.1
      yamljs: 0.3.0
    optionalDependencies:
      pm2-sysmonit: 1.2.8
    transitivePeerDependencies:
      - bufferutil
      - supports-color
      - utf-8-validate
    dev: false

  /prelude-ls/1.1.2:
    resolution: {integrity: sha1-IZMqVJ9eUv/ZqCf1cOBL5iqX2lQ=}
    engines: {node: '>= 0.8.0'}
    dev: false

  /promptly/2.2.0:
    resolution: {integrity: sha1-KhP6BjaIoqWYOxYf/wEIoH0m/HQ=}
    dependencies:
      read: 1.0.7
    dev: false

  /proxy-agent/5.0.0:
    resolution: {integrity: sha512-gkH7BkvLVkSfX9Dk27W6TyNOWWZWRilRfk1XxGNWOYJ2TuedAv1yFpCaU9QSBmBe716XOTNpYNOzhysyw8xn7g==}
    engines: {node: '>= 8'}
    dependencies:
      agent-base: 6.0.2
      debug: 4.3.4
      http-proxy-agent: 4.0.1
      https-proxy-agent: 5.0.0
      lru-cache: 5.1.1
      pac-proxy-agent: 5.0.0
      proxy-from-env: 1.1.0
      socks-proxy-agent: 5.0.1
    transitivePeerDependencies:
      - supports-color
    dev: false

  /proxy-from-env/1.1.0:
    resolution: {integrity: sha512-D+zkORCbA9f1tdWRK0RaCR3GPv50cMxcrz4X8k5LTSUD1Dkw47mKJEZQNunItRTkWwgtaUSo1RVFRIG9ZXiFYg==}
    dev: false

  /raw-body/2.5.1:
    resolution: {integrity: sha512-qqJBtEyVgS0ZmPGdCFPWJ3FreoqvG4MVQln/kCgF7Olq95IbOp0/BWyMwbdtn4VTvkM8Y7khCQ2Xgk/tcrCXig==}
    engines: {node: '>= 0.8'}
    dependencies:
      bytes: 3.1.2
      http-errors: 2.0.0
      iconv-lite: 0.4.24
      unpipe: 1.0.0
    dev: false

  /read/1.0.7:
    resolution: {integrity: sha1-s9oZvQUkMal2cdRKQmNK33ELQMQ=}
    engines: {node: '>=0.8'}
    dependencies:
      mute-stream: 0.0.8
    dev: false

  /readable-stream/1.1.14:
    resolution: {integrity: sha1-fPTFTvZI44EwhMY23SB54WbAgdk=}
    dependencies:
      core-util-is: 1.0.3
      inherits: 2.0.4
      isarray: 0.0.1
      string_decoder: 0.10.31
    dev: false

  /readdirp/3.6.0:
    resolution: {integrity: sha512-hOS089on8RduqdbhvQ5Z37A0ESjsqz6qnRcffsMU3495FuTdqSm+7bhJ29JvIOsBDEEnan5DPu9t3To9VRlMzA==}
    engines: {node: '>=8.10.0'}
    dependencies:
      picomatch: 2.3.1
    dev: false

  /require-in-the-middle/5.1.0:
    resolution: {integrity: sha512-M2rLKVupQfJ5lf9OvqFGIT+9iVLnTmjgbOmpil12hiSQNn5zJTKGPoIisETNjfK+09vP3rpm1zJajmErpr2sEQ==}
    dependencies:
      debug: 4.3.4
      module-details-from-path: 1.0.3
      resolve: 1.22.0
    transitivePeerDependencies:
      - supports-color
    dev: false

  /resolve/1.22.0:
    resolution: {integrity: sha512-Hhtrw0nLeSrFQ7phPp4OOcVjLPIeMnRlr5mcnVuMe7M/7eBn98A3hmFRLoFo3DLZkivSYwhRUJTyPyWAk56WLw==}
    hasBin: true
    dependencies:
      is-core-module: 2.8.1
      path-parse: 1.0.7
      supports-preserve-symlinks-flag: 1.0.0
    dev: false

  /run-series/1.1.9:
    resolution: {integrity: sha512-Arc4hUN896vjkqCYrUXquBFtRZdv1PfLbTYP71efP6butxyQ0kWpiNJyAgsxscmQg1cqvHY32/UCBzXedTpU2g==}
    dev: false

  /safe-buffer/5.2.1:
    resolution: {integrity: sha512-rp3So07KcdmmKbGvgaNxQSJr7bGVSVk5S9Eq1F+ppbRo70+YeaDxkw5Dd8NPN+GD6bjnYm2VuPuCXmpuYvmCXQ==}
    dev: false

  /safer-buffer/2.1.2:
    resolution: {integrity: sha512-YZo3K82SD7Riyi0E1EQPojLz7kpepnSQI9IyPbHHg1XXXevb5dJI7tpyN2ADxGcQbHG7vcyRHk0cbwqcQriUtg==}
    dev: false

  /sax/1.2.4:
    resolution: {integrity: sha512-NqVDv9TpANUjFm0N8uM5GxL36UgKi9/atZw+x7YFnQ8ckwFGKrl4xX4yWtrey3UJm5nP1kUbnYgLopqWNSRhWw==}
    dev: false

  /semver/5.7.1:
    resolution: {integrity: sha512-sauaDf/PZdVgrLTNYHRtpXa1iRiKcaebiKQ1BJdpQlWH2lCvexQdX55snPFyK7QzpudqbCI0qXFfOasHdyNDGQ==}
    hasBin: true
    dev: false

  /semver/6.3.0:
    resolution: {integrity: sha512-b39TBaTSfV6yBrapU89p5fKekE2m/NwnDocOVruQFS1/veMgdzuPcnOM34M6CwxW8jH/lxEa5rBoDeUwu5HHTw==}
    hasBin: true
    dev: false

  /semver/7.2.3:
    resolution: {integrity: sha512-utbW9Z7ZxVvwiIWkdOMLOR9G/NFXh2aRucghkVrEMJWuC++r3lCkBC3LwqBinyHzGMAJxY5tn6VakZGHObq5ig==}
    engines: {node: '>=10'}
    hasBin: true
    dev: false

  /semver/7.3.5:
    resolution: {integrity: sha512-PoeGJYh8HK4BTO/a9Tf6ZG3veo/A7ZVsYrSA6J8ny9nb3B1VrpkuN+z9OE5wfE5p6H4LchYZsegiQgbJD94ZFQ==}
    engines: {node: '>=10'}
    hasBin: true
    dependencies:
      lru-cache: 6.0.0
    dev: false

  /setprototypeof/1.2.0:
    resolution: {integrity: sha512-E5LDX7Wrp85Kil5bhZv46j8jOeboKq5JMmYM3gVGdGH8xFpPWXUMsNrlODCrkoxMEeNi/XZIwuRvY4XNwYMJpw==}
    dev: false

  /shimmer/1.2.1:
    resolution: {integrity: sha512-sQTKC1Re/rM6XyFM6fIAGHRPVGvyXfgzIDvzoq608vM+jeyVD0Tu1E6Np0Kc2zAIFWIj963V2800iF/9LPieQw==}
    dev: false

  /signal-exit/3.0.7:
    resolution: {integrity: sha512-wnD2ZE+l+SPC/uoS0vXeE9L1+0wuaMqKlfz9AMUo38JsyLSBWSFcHR1Rri62LZc12vLr1gb3jl7iwQhgwpAbGQ==}
    dev: false

  /smart-buffer/4.2.0:
    resolution: {integrity: sha512-94hK0Hh8rPqQl2xXc3HsaBoOXKV20MToPkcXvwbISWLEs+64sBq5kFgn2kJDHb1Pry9yrP0dxrCI9RRci7RXKg==}
    engines: {node: '>= 6.0.0', npm: '>= 3.0.0'}
    dev: false

  /socks-proxy-agent/5.0.1:
    resolution: {integrity: sha512-vZdmnjb9a2Tz6WEQVIurybSwElwPxMZaIc7PzqbJTrezcKNznv6giT7J7tZDZ1BojVaa1jvO/UiUdhDVB0ACoQ==}
    engines: {node: '>= 6'}
    dependencies:
      agent-base: 6.0.2
      debug: 4.3.4
      socks: 2.6.2
    transitivePeerDependencies:
      - supports-color
    dev: false

  /socks/2.6.2:
    resolution: {integrity: sha512-zDZhHhZRY9PxRruRMR7kMhnf3I8hDs4S3f9RecfnGxvcBHQcKcIH/oUcEWffsfl1XxdYlA7nnlGbbTvPz9D8gA==}
    engines: {node: '>= 10.13.0', npm: '>= 3.0.0'}
    dependencies:
      ip: 1.1.5
      smart-buffer: 4.2.0
    dev: false

  /source-map-support/0.5.19:
    resolution: {integrity: sha512-Wonm7zOCIJzBGQdB+thsPar0kYuCIzYvxZwlBa87yi/Mdjv7Tip2cyVbLj5o0cFPN4EVkuTwb3GDDyUx2DGnGw==}
    dependencies:
      buffer-from: 1.1.2
      source-map: 0.6.1
    dev: false

  /source-map/0.6.1:
    resolution: {integrity: sha512-UjgapumWlbMhkBgzT7Ykc5YXUT46F0iKu8SGXq0bcwP5dz/h0Plj6enJqjz1Zbq2l5WaqYnrVbwWOWMyF3F47g==}
    engines: {node: '>=0.10.0'}
    dev: false

  /sprintf-js/1.0.3:
    resolution: {integrity: sha1-BOaSb2YolTVPPdAVIDYzuFcpfiw=}
    dev: false

  /sprintf-js/1.1.2:
    resolution: {integrity: sha512-VE0SOVEHCk7Qc8ulkWw3ntAzXuqf7S2lvwQaDLRnUeIEaKNQJzV6BwmLKhOqT61aGhfUMrXeaBk+oDGCzvhcug==}
    dev: false

  /statuses/2.0.1:
    resolution: {integrity: sha512-RwNA9Z/7PrK06rYLIzFMlaF+l73iwpzsqRIFgbMLbTcLD6cOao82TaWefPXQvB2fOC4AjuYSEndS7N/mTCbkdQ==}
    engines: {node: '>= 0.8'}
    dev: false

  /string_decoder/0.10.31:
    resolution: {integrity: sha1-YuIDvEF2bGwoyfyEMB2rHFMQ+pQ=}
    dev: false

  /supports-color/7.2.0:
    resolution: {integrity: sha512-qpCAvRl9stuOHveKsn7HncJRvv501qIacKzQlO/+Lwxc9+0q2wLyv4Dfvt80/DPn2pqOBsJdDiogXGR9+OvwRw==}
    engines: {node: '>=8'}
    dependencies:
      has-flag: 4.0.0
    dev: false

  /supports-preserve-symlinks-flag/1.0.0:
    resolution: {integrity: sha512-ot0WnXS9fgdkgIcePe6RHNk1WA8+muPa6cSjeR3V8K27q9BB1rTE3R1p7Hv0z1ZyAc8s6Vvv8DIyWf681MAt0w==}
    engines: {node: '>= 0.4'}
    dev: false

  /systeminformation/5.11.9:
    resolution: {integrity: sha512-eeMtL9UJFR/LYG+2rpeAgZ0Va4ojlNQTkYiQH/xbbPwDjDMsaetj3Pkc+C1aH5G8mav6HvDY8kI4Vl4noksSkA==}
    engines: {node: '>=8.0.0'}
    os: [darwin, linux, win32, freebsd, openbsd, netbsd, sunos, android]
    hasBin: true
    dev: false
    optional: true

  /to-regex-range/5.0.1:
    resolution: {integrity: sha512-65P7iz6X5yEr1cwcgvQxbbIw7Uk3gOy5dIdtZ4rDveLqhrdJP+Li/Hx6tyK0NEb+2GCyneCMJiGqrADCSNk8sQ==}
    engines: {node: '>=8.0'}
    dependencies:
      is-number: 7.0.0
    dev: false

  /toidentifier/1.0.1:
    resolution: {integrity: sha512-o5sSPKEkg/DIQNmH43V0/uerLrpzVedkUh8tGNvaeXpfpuwjKenlSox/2O/BTlZUtEe+JG7s5YhEz608PlAHRA==}
    engines: {node: '>=0.6'}
    dev: false

  /tslib/1.9.3:
    resolution: {integrity: sha512-4krF8scpejhaOgqzBEcGM7yDIEfi0/8+8zDRZhNZZ2kjmHJ4hv3zCbQWxoJGz1iw5U0Jl0nma13xzHXcncMavQ==}
    dev: false

  /tslib/2.3.1:
    resolution: {integrity: sha512-77EbyPPpMz+FRFRuAFlWMtmgUWGe9UOG2Z25NqCwiIjRhOf5iKGuzSe5P2w1laq+FkRy4p+PCuVkJSGkzTEKVw==}
    dev: false

  /tv4/1.3.0:
    resolution: {integrity: sha1-0CDIRvrdUMhVq7JeuuzGj8EPeWM=}
    engines: {node: '>= 0.8.0'}
    dev: false

  /tx2/1.0.5:
    resolution: {integrity: sha512-sJ24w0y03Md/bxzK4FU8J8JveYYUbSs2FViLJ2D/8bytSiyPRbuE3DyL/9UKYXTZlV3yXq0L8GLlhobTnekCVg==}
    dependencies:
      json-stringify-safe: 5.0.1
    dev: false
    optional: true

  /type-check/0.3.2:
    resolution: {integrity: sha1-WITKtRLPHTVeP7eE8wgEsrUg23I=}
    engines: {node: '>= 0.8.0'}
    dependencies:
      prelude-ls: 1.1.2
    dev: false

  /universalify/0.1.2:
    resolution: {integrity: sha512-rBJeI5CXAlmy1pV+617WB9J63U6XcazHHF2f2dbJix4XzpUF0RS3Zbj0FGIOCAva5P/d/GBOYaACQ1w+0azUkg==}
    engines: {node: '>= 4.0.0'}
    dev: false

  /unpipe/1.0.0:
    resolution: {integrity: sha1-sr9O6FFKrmFltIF4KdIbLvSZBOw=}
    engines: {node: '>= 0.8'}
    dev: false

  /uuid/3.4.0:
    resolution: {integrity: sha512-HjSDRw6gZE5JMggctHBcjVak08+KEVhSIiDzFnT9S9aegmp85S/bReBVTb4QTFaRNptJ9kuYaNhnbNEOkbKb/A==}
    deprecated: Please upgrade  to version 7 or higher.  Older versions may use Math.random() in certain circumstances, which is known to be problematic.  See https://v8.dev/blog/math-random for details.
    hasBin: true
    dev: false

  /vizion/2.2.1:
    resolution: {integrity: sha512-sfAcO2yeSU0CSPFI/DmZp3FsFE9T+8913nv1xWBOyzODv13fwkn6Vl7HqxGpkr9F608M+8SuFId3s+BlZqfXww==}
    engines: {node: '>=4.0'}
    dependencies:
      async: 2.6.3
      git-node-fs: 1.0.0
      ini: 1.3.8
      js-git: 0.7.8
    dev: false

  /vm2/3.9.9:
    resolution: {integrity: sha512-xwTm7NLh/uOjARRBs8/95H0e8fT3Ukw5D/JJWhxMbhKzNh1Nu981jQKvkep9iKYNxzlVrdzD0mlBGkDKZWprlw==}
    engines: {node: '>=6.0'}
    hasBin: true
    dependencies:
      acorn: 8.7.0
      acorn-walk: 8.2.0
    dev: false

  /word-wrap/1.2.3:
    resolution: {integrity: sha512-Hz/mrNwitNRh/HUAtM/VT/5VH+ygD6DV7mYKZAtHOrbs8U7lvPS6xf7EJKMF0uW1KJCl0H701g3ZGus+muE5vQ==}
    engines: {node: '>=0.10.0'}
    dev: false

  /wrappy/1.0.2:
    resolution: {integrity: sha1-tSQ9jz7BqjXxNkYFvA0QNuMKtp8=}
    dev: false

  /ws/7.4.6:
    resolution: {integrity: sha512-YmhHDO4MzaDLB+M9ym/mDA5z0naX8j7SIlT8f8z+I0VtzsRbekxEutHSme7NPS2qE8StCYQNUnfWdXta/Yu85A==}
    engines: {node: '>=8.3.0'}
    peerDependencies:
      bufferutil: ^4.0.1
      utf-8-validate: ^5.0.2
    peerDependenciesMeta:
      bufferutil:
        optional: true
      utf-8-validate:
        optional: true
    dev: false

  /ws/7.5.7:
    resolution: {integrity: sha512-KMvVuFzpKBuiIXW3E4u3mySRO2/mCHSyZDJQM5NQ9Q9KHWHWh0NHgfbRMLLrceUK5qAL4ytALJbpRMjixFZh8A==}
    engines: {node: '>=8.3.0'}
    peerDependencies:
      bufferutil: ^4.0.1
      utf-8-validate: ^5.0.2
    peerDependenciesMeta:
      bufferutil:
        optional: true
      utf-8-validate:
        optional: true
    dev: false

  /xregexp/2.0.0:
    resolution: {integrity: sha1-UqY+VsoLhKfzpfPWGHLxJq16WUM=}
    dev: false

  /yallist/3.1.1:
    resolution: {integrity: sha512-a4UGQaWPH59mOXUYnAG2ewncQS4i4F43Tv3JoAM+s2VDAmS9NsK8GpDMLrCHPksFT7h3K6TOoUNn2pb7RoXx4g==}
    dev: false

  /yallist/4.0.0:
    resolution: {integrity: sha512-3wdGidZyq5PB084XLES5TpOSRA3wjXAlIWMhum2kRcv/41Sn2emQ0dycQW4uZXLejwKvg6EsvbdlVL+FYEct7A==}
    dev: false

  /yamljs/0.3.0:
    resolution: {integrity: sha512-C/FsVVhht4iPQYXOInoxUM/1ELSf9EsgKH34FofQOp6hwCPrW4vG4w5++TED3xRUo8gD7l0P1J1dLlDYzODsTQ==}
    hasBin: true
    dependencies:
      argparse: 1.0.10
      glob: 7.2.0
    dev: false
